
Microsoft Visual Studio Solution File, Format Version 12.00
# Visual Studio Version 16
VisualStudioVersion = 16.0.33328.57
MinimumVisualStudioVersion = 10.0.40219.1
Project("{FAE04EC0-301F-11D3-BF4B-00C04F79EFBC}") = "Aluwa", "Aluwa.csproj", "{070B43B9-9F34-493A-995F-49DDD6F691EE}"
EndProject
Global
	GlobalSection(SolutionConfigurationPlatforms) = preSolution
		Debug|Any CPU = Debug|Any CPU
		Release|Any CPU = Release|Any CPU
	EndGlobalSection
	GlobalSection(ProjectConfigurationPlatforms) = postSolution
		{070B43B9-9F34-493A-995F-49DDD6F691EE}.Debug|Any CPU.ActiveCfg = Debug|Any CPU
		{070B43B9-9F34-493A-995F-49DDD6F691EE}.Debug|Any CPU.Build.0 = Debug|Any CPU
		{070B43B9-9F34-493A-995F-49DDD6F691EE}.Release|Any CPU.ActiveCfg = Release|Any CPU
		{070B43B9-9F34-493A-995F-49DDD6F691EE}.Release|Any CPU.Build.0 = Release|Any CPU
	EndGlobalSection
	GlobalSection(SolutionProperties) = preSolution
		HideSolutionNode = FALSE
	EndGlobalSection
	GlobalSection(ExtensibilityGlobals) = postSolution
		SolutionGuid = {D7A2756A-1DE6-4025-AD8C-9822D8673933}
	EndGlobalSection
EndGlobal
